
Microsoft Visual Studio Solution File, Format Version 12.00
# Visual Studio Version 17
VisualStudioVersion = 17.14.36401.2 d17.14
MinimumVisualStudioVersion = 10.0.40219.1
Project("{FAE04EC0-301F-11D3-BF4B-00C04F79EFBC}") = "CannibalCasket.Monogatari.NetFX.Forms", "CannibalCasket.Monogatari.NetFX.Forms\CannibalCasket.Monogatari.NetFX.Forms.csproj", "{64C4D68A-F93A-4130-AD21-97BF474BAE9F}"
EndProject
Global
	GlobalSection(SolutionConfigurationPlatforms) = preSolution
		Debug|Any CPU = Debug|Any CPU
		Release|Any CPU = Release|Any CPU
	EndGlobalSection
	GlobalSection(ProjectConfigurationPlatforms) = postSolution
		{64C4D68A-F93A-4130-AD21-97BF474BAE9F}.Debug|Any CPU.ActiveCfg = Debug|Any CPU
		{64C4D68A-F93A-4130-AD21-97BF474BAE9F}.Debug|Any CPU.Build.0 = Debug|Any CPU
		{64C4D68A-F93A-4130-AD21-97BF474BAE9F}.Release|Any CPU.ActiveCfg = Release|Any CPU
		{64C4D68A-F93A-4130-AD21-97BF474BAE9F}.Release|Any CPU.Build.0 = Release|Any CPU
	EndGlobalSection
	GlobalSection(SolutionProperties) = preSolution
		HideSolutionNode = FALSE
	EndGlobalSection
	GlobalSection(ExtensibilityGlobals) = postSolution
		SolutionGuid = {D047BE36-B7D7-414C-A08F-BA4EECE1C4BA}
	EndGlobalSection
EndGlobal
